filippo.io/edwards25519 v1.0.0 h1:0wAIcmJUqRdI8IJ/3eGi5/HwXZWPujYXXlkrQogz0Ek=
filippo.io/edwards25519 v1.0.0/go.mod h1:N1IkdkCkiLB6tki+MYJoSx2JTY9NUlxZE7eHn5EwJns=
github.com/akutz/memconn v0.1.0 h1:NawI0TORU4hcOMsMr11g7vwlCdkYeLKXBcxWu2W/P8A=
github.com/akutz/memconn v0.1.0/go.mod h1:Jo8rI7m0NieZyLI5e2CDlRdRqRRB4S7Xp77ukDjH+Fw=
github.com/alexbrainman/sspi v0.0.0-20210105120005-909beea2cc74 h1:Kk6a4nehpJ3UuJRqlA3JxYxBZEqCeOmATOvrbT4p9RA=
github.com/alexbrainman/sspi v0.0.0-20210105120005-909beea2cc74/go.mod h1:cEWa1LVoE5KvSD9ONXsZrj0z6KqySlCCNKHlLzbqAt4=
github.com/cilium/ebpf v0.9.1 h1:64sn2K3UKw8NbP/blsixRpF3nXuyhz/VjRlRzvlBRu4=
github.com/cilium/ebpf v0.9.1/go.mod h1:+OhNOIXx/Fnu1IE8bJz2dzOA+VSfyTfdNUVdlQnxUFY=
github.com/creack/pty v1.1.9/go.mod h1:oKZEueFk5CKHvIhNR5MUki03XCEU+Q6VDXinZuGJ33E=
github.com/diamondburned/gotk4-adwaita/pkg v0.0.0-20220417101956-dcc3707dc307 h1:7SvMQLBSty7Y+0gMBYi20JE4+rM+VbLWhZGMVKK3VQg=
github.com/diamondburned/gotk4-adwaita/pkg v0.0.0-20220417101956-dcc3707dc307/go.mod h1:ltZ0ffX+lhfOw+HlN3pROJ1fVJwo2hbFbLsRjlUtrlg=
github.com/diamondburned/gotk4/pkg v0.0.0-20220910082532-b037befdd54e h1:F5+VsBh9RnYztCau3ymezaTV6OhjMZuSPBLrNy2dAQk=
github.com/diamondburned/gotk4/pkg v0.0.0-20220910082532-b037befdd54e/go.mod h1:pjOFSZWuNWiBwEqt+4/zfPr1JsNWY43h4B81ht3S3Ag=
github.com/frankban/quicktest v1.14.0 h1:+cqqvzZV87b4adx/5ayVOaYZ2CrvM4ejQvUdBzPPUss=
github.com/frankban/quicktest v1.14.0/go.mod h1:NeW+ay9A/U67EYXNFA1nPE8e/tnQv/09mUdL/ijj8og=
github.com/fxamacker/cbor/v2 v2.4.0 h1:ri0ArlOR+5XunOP8CRUowT0pSJOwhW098ZCUyskZD88=
github.com/fxamacker/cbor/v2 v2.4.0/go.mod h1:TA1xS00nchWmaBnEIxPSE5oHLuJBAVvqrtAnWBwBCVo=
github.com/google/go-cmp v0.5.6/go.mod h1:v8dTdLbMG2kIc/vJvl+f65V22dbkXbowE6jgT/gNBxE=
github.com/google/go-cmp v0.5.7/go.mod h1:n+brtR0CgQNWTVd5ZUFpTBC8YFBDLK/h/bpaJ8/DtOE=
github.com/google/go-cmp v0.5.8/go.mod h1:17dUlkBOakJ0+DkrSSNjCkIjxS6bF9zb3elmeNGIjoY=
github.com/google/go-cmp v0.5.9 h1:O2Tfq5qg4qc4AmwVlvv0oLiVAGB7enBSJ2x2DqQFi38=
github.com/google/go-cmp v0.5.9/go.mod h1:17dUlkBOakJ0+DkrSSNjCkIjxS6bF9zb3elmeNGIjoY=
github.com/hdevalence/ed25519consensus v0.1.0 h1:jtBwzzcHuTmFrQN6xQZn6CQEO/V9f7HsjsjeEZ6auqU=
github.com/hdevalence/ed25519consensus v0.1.0/go.mod h1:w3BHWjwJbFU29IRHL1Iqkw3sus+7FctEyM4RqDxYNzo=
github.com/josharian/native v1.0.0 h1:Ts/E8zCSEsG17dUqv7joXJFybuMLjQfWE04tsBODTxk=
github.com/josharian/native v1.0.0/go.mod h1:7X/raswPFr05uY3HiLlYeyQntB6OO7E/d2Cu7qoaN2w=
github.com/jsimonetti/rtnetlink v1.2.2 h1:Ok9vYMcpxfHyF/iRqNTYJPDLxVaVItvPamAhtzttDBY=
github.com/jsimonetti/rtnetlink v1.2.2/go.mod h1:T3BJ2qI9ZJFkUYWLrzECdcXhCvaGRfnMFmoYF0X8w2A=
github.com/kr/pretty v0.1.0/go.mod h1:dAy3ld7l9f0ibDNOQOHHMYYIIbhfbHSm3C4ZsoJORNo=
github.com/kr/pretty v0.3.0 h1:WgNl7dwNpEZ6jJ9k1snq4pZsg7DOEN8hP9Xw0Tsjwk0=
github.com/kr/pretty v0.3.0/go.mod h1:640gp4NfQd8pI5XOwp5fnNeVWj67G7CFk/SaSQn7NBk=
github.com/kr/pty v1.1.1/go.mod h1:pFQYn66WHrOpPYNljwOMqo10TkYh1fy3cYio2l3bCsQ=
github.com/kr/text v0.1.0/go.mod h1:4Jbv+DJW3UT/LiOwJeYQe1efqtUx/iVham/4vfdArNI=
github.com/kr/text v0.2.0 h1:5Nx0Ya0ZqY2ygV366QzturHI13Jq95ApcVaJBhpS+AY=
github.com/kr/text v0.2.0/go.mod h1:eLer722TekiGuMkidMxC/pM04lWEeraHUUmBw8l2grE=
github.com/mdlayher/netlink v1.6.0 h1:rOHX5yl7qnlpiVkFWoqccueppMtXzeziFjWAjLg6sz0=
github.com/mdlayher/netlink v1.6.0/go.mod h1:0o3PlBmGst1xve7wQ7j/hwpNaFaH4qCRyWCdcZk8/vA=
github.com/mdlayher/socket v0.1.1/go.mod h1:mYV5YIZAfHh4dzDVzI8x8tWLWCliuX8Mon5Awbj+qDs=
github.com/mdlayher/socket v0.2.3 h1:XZA2X2TjdOwNoNPVPclRCURoX/hokBY8nkTmRZFEheM=
github.com/mdlayher/socket v0.2.3/go.mod h1:bz12/FozYNH/VbvC3q7TRIK/Y6dH1kCKsXaUeXi/FmY=
github.com/mitchellh/go-ps v1.0.0 h1:i6ampVEEF4wQFF+bkYfwYgY+F/uYJDktmvLPf7qIgjc=
github.com/mitchellh/go-ps v1.0.0/go.mod h1:J4lOc8z8yJs6vUwklHw2XEIiT4z4C40KtWVN3nvg8Pg=
github.com/rogpeppe/go-internal v1.6.1/go.mod h1:xXDCJY+GAPziupqXw64V24skbSoqbTEfhy4qGm1nDQc=
github.com/rogpeppe/go-internal v1.8.1-0.20211023094830-115ce09fd6b4 h1:Ha8xCaq6ln1a+R91Km45Oq6lPXj2Mla6CRJYcuV2h1w=
github.com/x448/float16 v0.8.4 h1:qLwI1I70+NjRFUR3zs1JPUCgaCXSh3SW62uAKT1mSBM=
github.com/x448/float16 v0.8.4/go.mod h1:14CWIYCyZA/cWjXOioeEpHeN/83MdbZDRQHoFcYsOfg=
go4.org/mem v0.0.0-20220726221520-4f986261bf13 h1:CbZeCBZ0aZj8EfVgnqQcYZgf0lpZ3H9rmp5nkDTAst8=
go4.org/mem v0.0.0-20220726221520-4f986261bf13/go.mod h1:reUoABIJ9ikfM5sgtSF3Wushcza7+WeD01VB9Lirh3g=
go4.org/netipx v0.0.0-20220812043211-3cc044ffd68d h1:ggxwEf5eu0l8v+87VhX1czFh8zJul3hK16Gmruxn7hw=
go4.org/netipx v0.0.0-20220812043211-3cc044ffd68d/go.mod h1:tgPU4N2u9RByaTN3NC2p9xOzyFpte4jYwsIIRF7XlSc=
go4.org/unsafe/assume-no-moving-gc v0.0.0-20220617031537-928513b29760 h1:FyBZqvoA/jbNzuAWLQE2kG820zMAkcilx6BMjGbL/E4=
go4.org/unsafe/assume-no-moving-gc v0.0.0-20220617031537-928513b29760/go.mod h1:FftLjUGFEDu5k8lt0ddY+HcrH/qU/0qk+H8j9/nTl3E=
golang.org/x/crypto v0.0.0-20220829220503-c86fa9a7ed90 h1:Y/gsMcFOcR+6S6f3YeMKl5g+dZMEWqcz5Czj/GWYbkM=
golang.org/x/crypto v0.0.0-20220829220503-c86fa9a7ed90/go.mod h1:IxCIyHEi3zRg3s0A5j5BB6A9Jmi73HwBIUl50j+osU4=
golang.org/x/exp v0.0.0-20220909182711-5c715a9e8561 h1:MDc5xs78ZrZr3HMQugiXOAkSZtfTpbJLDr/lwfgO53E=
golang.org/x/exp v0.0.0-20220909182711-5c715a9e8561/go.mod h1:cyybsKvd6eL0RnXn6p/Grxp8F5bW7iYuBgsNCOHpMYE=
golang.org/x/net v0.0.0-20210928044308-7d9f5e0b762b/go.mod h1:9nx3DQGgdP8bBQD5qxJ1jj9UTztislL4KSBs9R2vV5Y=
golang.org/x/net v0.0.0-20220127200216-cd36cc0744dd/go.mod h1:CfG3xpIq0wQ8r1q4Su4UZFWDARRcnwPjda9FqA0JpMk=
golang.org/x/net v0.0.0-20220909164309-bea034e7d591 h1:D0B/7al0LLrVC8aWF4+oxpv/m8bc7ViFfVS8/gXGdqI=
golang.org/x/net v0.0.0-20220909164309-bea034e7d591/go.mod h1:YDH+HFinaLZZlnHAfSS6ZXJJ9M9t4Dl22yv3iI2vPwk=
golang.org/x/sync v0.0.0-20210220032951-036812b2e83c/go.mod h1:RxMgew5VJxzue5/jJTE5uejpjVlOe/izrB70Jof72aM=
golang.org/x/sync v0.0.0-20220907140024-f12130a52804 h1:0SH2R3f1b1VmIMG7BXbEZCBUu2dKmHschSmjqGUrW8A=
golang.org/x/sync v0.0.0-20220907140024-f12130a52804/go.mod h1:RxMgew5VJxzue5/jJTE5uejpjVlOe/izrB70Jof72aM=
golang.org/x/sys v0.0.0-20201119102817-f84b799fce68/go.mod h1:h1NjWce9XRLGQEsW7wpKNCjG9DtNlClVuFLEZdDNbEs=
golang.org/x/sys v0.0.0-20210423082822-04245dca01da/go.mod h1:h1NjWce9XRLGQEsW7wpKNCjG9DtNlClVuFLEZdDNbEs=
golang.org/x/sys v0.0.0-20210615035016-665e8c7367d1/go.mod h1:oPkhp1MJrh7nUepCBck5+mAzfO9JrbApNNgaTdGDITg=
golang.org/x/sys v0.0.0-20210906170528-6f6e22806c34/go.mod h1:oPkhp1MJrh7nUepCBck5+mAzfO9JrbApNNgaTdGDITg=
golang.org/x/sys v0.0.0-20210927094055-39ccf1dd6fa6/go.mod h1:oPkhp1MJrh7nUepCBck5+mAzfO9JrbApNNgaTdGDITg=
golang.org/x/sys v0.0.0-20211216021012-1d35b9e2eb4e/go.mod h1:oPkhp1MJrh7nUepCBck5+mAzfO9JrbApNNgaTdGDITg=
golang.org/x/sys v0.0.0-20220128215802-99c3d69c2c27/go.mod h1:oPkhp1MJrh7nUepCBck5+mAzfO9JrbApNNgaTdGDITg=
golang.org/x/sys v0.0.0-20220408201424-a24fb2fb8a0f/go.mod h1:oPkhp1MJrh7nUepCBck5+mAzfO9JrbApNNgaTdGDITg=
golang.org/x/sys v0.0.0-20220909162455-aba9fc2a8ff2 h1:wM1k/lXfpc5HdkJJyW9GELpd8ERGdnh8sMGL6Gzq3Ho=
golang.org/x/sys v0.0.0-20220909162455-aba9fc2a8ff2/go.mod h1:oPkhp1MJrh7nUepCBck5+mAzfO9JrbApNNgaTdGDITg=
golang.org/x/term v0.0.0-20201126162022-7de9c90e9dd1/go.mod h1:bj7SfCRtBDWHUb9snDiAeCFNEtKQo2Wmx5Cou7ajbmo=
golang.org/x/term v0.0.0-20210927222741-03fcf44c2211/go.mod h1:jbD1KX2456YbFQfuXm/mYQcufACuNUgVhRMnK/tPxf8=
golang.org/x/text v0.3.6/go.mod h1:5Zoc/QRtKVWzQhOtBMvqHzDpF6irO9z98xDceosuGiQ=
golang.org/x/text v0.3.7/go.mod h1:u+2+/6zg+i71rQMx5EYifcz6MCKuco9NR6JIITiCfzQ=
golang.org/x/tools v0.0.0-20180917221912-90fa682c2a6e/go.mod h1:n7NCudcB/nEzxVGmLbDWY5pfWTLqBcC2KZ6jyYvM4mQ=
golang.org/x/xerrors v0.0.0-20191204190536-9bdfabe68543/go.mod h1:I/5z698sn9Ka8TeJc9MKroUUfqBBauWjQqLJ2OPfmY0=
golang.org/x/xerrors v0.0.0-20200804184101-5ec99f83aff1/go.mod h1:I/5z698sn9Ka8TeJc9MKroUUfqBBauWjQqLJ2OPfmY0=
golang.zx2c4.com/wireguard/windows v0.5.3 h1:On6j2Rpn3OEMXqBq00QEDC7bWSZrPIHKIus8eIuExIE=
golang.zx2c4.com/wireguard/windows v0.5.3/go.mod h1:9TEe8TJmtwyQebdFwAkEWOPr3prrtqm+REGFifP60hI=
gopkg.in/check.v1 v1.0.0-20180628173108-788fd7840127/go.mod h1:Co6ibVJAznAaIkqp8huTwlJQCZ016jof/cbN4VW5Yz0=
gopkg.in/errgo.v2 v2.1.0/go.mod h1:hNsd1EY+bozCKY1Ytp96fpM3vjJbqLJn88ws8XvfDNI=
tailscale.com v1.30.1 h1:ZhacIpLTAtlxJwTCvBz0ZpwMFeyvn2CvVAuIIRIWm5Y=
tailscale.com v1.30.1/go.mod h1:MO+tWkQp2YIF3KBnnej/mQvgYccRS5Xk/IrEpZ4Z3BU=
