deedles.dev/mk v0.1.0 h1:xrvuJA3+R/j6/6AZPc+o31I1rotdKLrAYJxhZJwdOuc=
deedles.dev/mk v0.1.0/go.mod h1:TSFsz0T+BvhNqJae0yrj+KadkN4elx248PCpq2Ol4ME=
deedles.dev/tray v0.1.7 h1:PNUAOqQe9Qec3FasJMej0oW4wwsmpeld/saK0VyJC9A=
deedles.dev/tray v0.1.7/go.mod h1:wrE0uW5sZ43keZFD1VcP6fvc/K9v0DTdydUtmtuzHlw=
deedles.dev/xiter v0.2.1 h1:yyyfo1sDwARp5lyMvILBJpEI28sIFN0TNYagAdBUa+s=
deedles.dev/xiter v0.2.1/go.mod h1:59997UHUsKAy/8bHUClTfeXdyuLZ6z/+yF++vIpxfx8=
filippo.io/edwards25519 v1.1.0 h1:FNf4tywRC1HmFuKW5xopWpigGjJKiJSV0Cqo0cJWDaA=
filippo.io/edwards25519 v1.1.0/go.mod h1:BxyFTGdWcka3PhytdK4V28tE5sGfRvvvRV7EaN4VDT4=
filippo.io/mkcert v1.4.4 h1:8eVbbwfVlaqUM7OwuftKc2nuYOoTDQWqsoXmzoXZdbc=
filippo.io/mkcert v1.4.4/go.mod h1:VyvOchVuAye3BoUsPUOOofKygVwLV2KQMVFJNRq+1dA=
github.com/BurntSushi/toml v1.4.1-0.20240615085220-eb727477b3f7 h1:GwfNF1ZrlhC1rccPhl176V0DcyO+1Gwd9zqbGTZP2zg=
github.com/BurntSushi/toml v1.4.1-0.20240615085220-eb727477b3f7/go.mod h1:ukJfTF/6rtPPRCnwkur4qwRxa8vTRFBF0uk2lLoLwho=
github.com/KarpelesLab/weak v0.1.1 h1:fNnlPo3aypS9tBzoEQluY13XyUfd/eWaSE/vMvo9s4g=
github.com/KarpelesLab/weak v0.1.1/go.mod h1:pzXsWs5f2bf+fpgHayTlBE1qJpO3MpJKo5sRaLu1XNw=
github.com/akutz/memconn v0.1.0 h1:NawI0TORU4hcOMsMr11g7vwlCdkYeLKXBcxWu2W/P8A=
github.com/akutz/memconn v0.1.0/go.mod h1:Jo8rI7m0NieZyLI5e2CDlRdRqRRB4S7Xp77ukDjH+Fw=
github.com/alexbrainman/sspi v0.0.0-20231016080023-1a75b4708caa h1:LHTHcTQiSGT7VVbI0o4wBRNQIgn917usHWOd6VAffYI=
github.com/alexbrainman/sspi v0.0.0-20231016080023-1a75b4708caa/go.mod h1:cEWa1LVoE5KvSD9ONXsZrj0z6KqySlCCNKHlLzbqAt4=
github.com/cilium/ebpf v0.15.0 h1:7NxJhNiBT3NG8pZJ3c+yfrVdHY8ScgKD27sScgjLMMk=
github.com/cilium/ebpf v0.15.0/go.mod h1:DHp1WyrLeiBh19Cf/tfiSMhqheEiK8fXFZ4No0P1Hso=
github.com/coder/websocket v1.8.13 h1:f3QZdXy7uGVz+4uCJy2nTZyM0yTBj8yANEHhqlXZ9FE=
github.com/coder/websocket v1.8.13/go.mod h1:LNVeNrXQZfe5qhS9ALED3uA+l5pPqvwXg3CKoDBB2gs=
github.com/coreos/go-iptables v0.8.0 h1:MPc2P89IhuVpLI7ETL/2tx3XZ61VeICZjYqDEgNsPRc=
github.com/coreos/go-iptables v0.8.0/go.mod h1:Qe8Bv2Xik5FyTXwgIbLAnv2sWSBmvWdFETJConOQ//Q=
github.com/dblohm7/wingoes v0.0.0-20240820181039-f2b84150679e h1:L+XrFvD0vBIBm+Wf9sFN6aU395t7JROoai0qXZraA4U=
github.com/dblohm7/wingoes v0.0.0-20240820181039-f2b84150679e/go.mod h1:SUxUaAK/0UG5lYyZR1L1nC4AaYYvSSYTWQSH3FPcxKU=
github.com/diamondburned/gotk4-adwaita/pkg v0.0.0-20250223021911-503726bcfce6 h1:QWtk8CfdqVuOh5ugq2SYalT1moDt6TkeYdU0xeSauis=
github.com/diamondburned/gotk4-adwaita/pkg v0.0.0-20250223021911-503726bcfce6/go.mod h1:fkvdR7MYO1sI0ex07VYLTc+YK87v24aRFYyMJQ/xAeA=
github.com/diamondburned/gotk4/pkg v0.3.1 h1:uhkXSUPUsCyz3yujdvl7DSN8jiLS2BgNTQE95hk6ygg=
github.com/diamondburned/gotk4/pkg v0.3.1/go.mod h1:DqeOW+MxSZFg9OO+esk4JgQk0TiUJJUBfMltKhG+ub4=
github.com/frankban/quicktest v1.14.6 h1:7Xjx+VpznH+oBnejlPUj8oUpdxnVs4f8XU8WnHkI4W8=
github.com/frankban/quicktest v1.14.6/go.mod h1:4ptaffx2x8+WTWXmUCuVU6aPUX1/Mz7zb5vbUoiM6w0=
github.com/fxamacker/cbor/v2 v2.8.0 h1:fFtUGXUzXPHTIUdne5+zzMPTfffl3RD5qYnkY40vtxU=
github.com/fxamacker/cbor/v2 v2.8.0/go.mod h1:vM4b+DJCtHn+zz7h3FFp/hDAI9WNWCsZj23V5ytsSxQ=
github.com/gaissmai/bart v0.18.0 h1:jQLBT/RduJu0pv/tLwXE+xKPgtWJejbxuXAR+wLJafo=
github.com/gaissmai/bart v0.18.0/go.mod h1:JJzMAhNF5Rjo4SF4jWBrANuJfqY+FvsFhW7t1UZJ+XY=
github.com/go-json-experiment/json v0.0.0-20250417205406-170dfdcf87d1 h1:+VexzzkMLb1tnvpuQdGT/DicIRW7MN8ozsXqBMgp0Hk=
github.com/go-json-experiment/json v0.0.0-20250417205406-170dfdcf87d1/go.mod h1:TiCD2a1pcmjd7YnhGH0f/zKNcCD06B029pHhzV23c2M=
github.com/go-ole/go-ole v1.3.0 h1:Dt6ye7+vXGIKZ7Xtk4s6/xVdGDQynvom7xCFEdWr6uE=
github.com/go-ole/go-ole v1.3.0/go.mod h1:5LS6F96DhAwUc7C+1HLexzMXY1xGRSryjyPPKW6zv78=
github.com/godbus/dbus/v5 v5.1.1-0.20241109141217-c266b19b28e9 h1:Kzr9J0S0V2PRxiX6B6xw1kWjzsIyjLO2Ibi4fNTaYBM=
github.com/godbus/dbus/v5 v5.1.1-0.20241109141217-c266b19b28e9/go.mod h1:3AAv2+hPq5rdnr5txxxRwiGjPXamgoIHgz9FPBfOp3c=
github.com/golang/groupcache v0.0.0-20241129210726-2c02b8208cf8 h1:f+oWsMOmNPc8JmEHVZIycC7hBoQxHH9pNKQORJNozsQ=
github.com/golang/groupcache v0.0.0-20241129210726-2c02b8208cf8/go.mod h1:wcDNUvekVysuuOpQKo3191zZyTpiI6se1N1ULghS0sw=
github.com/google/btree v1.1.3 h1:CVpQJjYgC4VbzxeGVHfvZrv1ctoYCAI8vbl07Fcxlyg=
github.com/google/btree v1.1.3/go.mod h1:qOPhT0dTNdNzV6Z/lhRX0YXUafgPLFUh+gZMl761Gm4=
github.com/google/go-cmp v0.5.9/go.mod h1:17dUlkBOakJ0+DkrSSNjCkIjxS6bF9zb3elmeNGIjoY=
github.com/google/go-cmp v0.7.0 h1:wk8382ETsv4JYUZwIsn6YpYiWiBsYLSJiTsyBybVuN8=
github.com/google/go-cmp v0.7.0/go.mod h1:pXiqmnSA92OHEEa9HXL2W4E7lf9JzCmGVUdgjX3N/iU=
github.com/google/gofuzz v1.2.0 h1:xRy4A+RhZaiKjJ1bPfwQ8sedCA+YS2YcCHW6ec7JMi0=
github.com/google/gofuzz v1.2.0/go.mod h1:dBl0BpW6vV/+mYPU4Po3pmUjxk6FQPldtuIdl/M65Eg=
github.com/google/nftables v0.3.0 h1:bkyZ0cbpVeMHXOrtlFc8ISmfVqq5gPJukoYieyVmITg=
github.com/google/nftables v0.3.0/go.mod h1:BCp9FsrbF1Fn/Yu6CLUc9GGZFw/+hsxfluNXXmxBfRM=
github.com/google/uuid v1.6.0 h1:NIvaJDMOsjHA8n1jAhLSgzrAzy1Hgr+hNrb57e+94F0=
github.com/google/uuid v1.6.0/go.mod h1:TIyPZe4MgqvfeYDBFedMoGGpEw/LqOeaOT+nhxU+yHo=
github.com/gorilla/csrf v1.7.3 h1:BHWt6FTLZAb2HtWT5KDBf6qgpZzvtbp9QWDRKZMXJC0=
github.com/gorilla/csrf v1.7.3/go.mod h1:F1Fj3KG23WYHE6gozCmBAezKookxbIvUJT+121wTuLk=
github.com/gorilla/securecookie v1.1.2 h1:YCIWL56dvtr73r6715mJs5ZvhtnY73hBvEF8kXD8ePA=
github.com/gorilla/securecookie v1.1.2/go.mod h1:NfCASbcHqRSY+3a8tlWJwsQap2VX5pwzwo4h3eOamfo=
github.com/hdevalence/ed25519consensus v0.2.0 h1:37ICyZqdyj0lAZ8P4D1d1id3HqbbG1N3iBb1Tb4rdcU=
github.com/hdevalence/ed25519consensus v0.2.0/go.mod h1:w3BHWjwJbFU29IRHL1Iqkw3sus+7FctEyM4RqDxYNzo=
github.com/illarion/gonotify/v3 v3.0.2 h1:O7S6vcopHexutmpObkeWsnzMJt/r1hONIEogeVNmJMk=
github.com/illarion/gonotify/v3 v3.0.2/go.mod h1:HWGPdPe817GfvY3w7cx6zkbzNZfi3QjcBm/wgVvEL1U=
github.com/inhies/go-bytesize v0.0.0-20220417184213-4913239db9cf h1:FtEj8sfIcaaBfAKrE1Cwb61YDtYq9JxChK1c7AKce7s=
github.com/inhies/go-bytesize v0.0.0-20220417184213-4913239db9cf/go.mod h1:yrqSXGoD/4EKfF26AOGzscPOgTTJcyAwM2rpixWT+t4=
github.com/jsimonetti/rtnetlink v1.4.2 h1:Df9w9TZ3npHTyDn0Ev9e1uzmN2odmXd0QX+J5GTEn90=
github.com/jsimonetti/rtnetlink v1.4.2/go.mod h1:92s6LJdE+1iOrw+F2/RO7LYI2Qd8pPpFNNUYW06gcoM=
github.com/kballard/go-shellquote v0.0.0-20180428030007-95032a82bc51 h1:Z9n2FFNUXsshfwJMBgNA0RU6/i7WVaAegv3PtuIHPMs=
github.com/kballard/go-shellquote v0.0.0-20180428030007-95032a82bc51/go.mod h1:CzGEWj7cYgsdH8dAjBGEr58BoE7ScuLd+fwFZ44+/x8=
github.com/kr/pretty v0.2.1/go.mod h1:ipq/a2n7PKx3OHsz4KJII5eveXtPO4qwEXGdVfWzfnI=
github.com/kr/pretty v0.3.1 h1:flRD4NNwYAUpkphVc1HcthR4KEIFJ65n8Mw5qdRn3LE=
github.com/kr/pretty v0.3.1/go.mod h1:hoEshYVHaxMs3cyo3Yncou5ZscifuDolrwPKZanG3xk=
github.com/kr/pty v1.1.1/go.mod h1:pFQYn66WHrOpPYNljwOMqo10TkYh1fy3cYio2l3bCsQ=
github.com/kr/text v0.1.0/go.mod h1:4Jbv+DJW3UT/LiOwJeYQe1efqtUx/iVham/4vfdArNI=
github.com/kr/text v0.2.0 h1:5Nx0Ya0ZqY2ygV366QzturHI13Jq95ApcVaJBhpS+AY=
github.com/kr/text v0.2.0/go.mod h1:eLer722TekiGuMkidMxC/pM04lWEeraHUUmBw8l2grE=
github.com/mattn/go-colorable v0.1.14 h1:9A9LHSqF/7dyVVX6g0U9cwm9pG3kP9gSzcuIPHPsaIE=
github.com/mattn/go-colorable v0.1.14/go.mod h1:6LmQG8QLFO4G5z1gPvYEzlUgJ2wF+stgPZH1UqBm1s8=
github.com/mattn/go-isatty v0.0.20 h1:xfD0iDuEKnDkl03q4limB+vH+GxLEtL/jb4xVJSWWEY=
github.com/mattn/go-isatty v0.0.20/go.mod h1:W+V8PltTTMOvKvAeJH7IuucS94S2C6jfK/D7dTCTo3Y=
github.com/mdlayher/genetlink v1.3.2 h1:KdrNKe+CTu+IbZnm/GVUMXSqBBLqcGpRDa0xkQy56gw=
github.com/mdlayher/genetlink v1.3.2/go.mod h1:tcC3pkCrPUGIKKsCsp0B3AdaaKuHtaxoJRz3cc+528o=
github.com/mdlayher/netlink v1.7.3-0.20250113171957-fbb4dce95f42 h1:A1Cq6Ysb0GM0tpKMbdCXCIfBclan4oHk1Jb+Hrejirg=
github.com/mdlayher/netlink v1.7.3-0.20250113171957-fbb4dce95f42/go.mod h1:BB4YCPDOzfy7FniQ/lxuYQ3dgmM2cZumHbK8RpTjN2o=
github.com/mdlayher/socket v0.5.1 h1:VZaqt6RkGkt2OE9l3GcC6nZkqD3xKeQLyfleW/uBcos=
github.com/mdlayher/socket v0.5.1/go.mod h1:TjPLHI1UgwEv5J1B5q0zTZq12A/6H7nKmtTanQE37IQ=
github.com/miekg/dns v1.1.65 h1:0+tIPHzUW0GCge7IiK3guGP57VAw7hoPDfApjkMD1Fc=
github.com/miekg/dns v1.1.65/go.mod h1:Dzw9769uoKVaLuODMDZz9M6ynFU6Em65csPuoi8G0ck=
github.com/mitchellh/go-ps v1.0.0 h1:i6ampVEEF4wQFF+bkYfwYgY+F/uYJDktmvLPf7qIgjc=
github.com/mitchellh/go-ps v1.0.0/go.mod h1:J4lOc8z8yJs6vUwklHw2XEIiT4z4C40KtWVN3nvg8Pg=
github.com/peterbourgon/ff/v3 v3.4.0 h1:QBvM/rizZM1cB0p0lGMdmR7HxZeI/ZrBWB4DqLkMUBc=
github.com/peterbourgon/ff/v3 v3.4.0/go.mod h1:zjJVUhx+twciwfDl0zBcFzl4dW8axCRyXE/eKY9RztQ=
github.com/rogpeppe/go-internal v1.13.1 h1:KvO1DLK/DRN07sQ1LQKScxyZJuNnedQ5/wKSR38lUII=
github.com/rogpeppe/go-internal v1.13.1/go.mod h1:uMEvuHeurkdAXX61udpOXGD/AzZDWNMNyH2VO9fmH0o=
github.com/skip2/go-qrcode v0.0.0-20200617195104-da1b6568686e h1:MRM5ITcdelLK2j1vwZ3Je0FKVCfqOLp5zO6trqMLYs0=
github.com/skip2/go-qrcode v0.0.0-20200617195104-da1b6568686e/go.mod h1:XV66xRDqSt+GTGFMVlhk3ULuV0y9ZmzeVGR4mloJI3M=
github.com/tailscale/go-winio v0.0.0-20231025203758-c4f33415bf55 h1:Gzfnfk2TWrk8Jj4P4c1a3CtQyMaTVCznlkLZI++hok4=
github.com/tailscale/go-winio v0.0.0-20231025203758-c4f33415bf55/go.mod h1:4k4QO+dQ3R5FofL+SanAUZe+/QfeK0+OIuwDIRu2vSg=
github.com/tailscale/goupnp v1.0.1-0.20210804030727-66b27ba4e403 h1:tB2UwtefWtWjIOp5UjU2eHPdP1EY3JZyAkes6WOsvIo=
github.com/tailscale/goupnp v1.0.1-0.20210804030727-66b27ba4e403/go.mod h1:PdCqy9JzfWMJf1H5UJW2ip33/d4YkoKN0r67yKH1mG8=
github.com/tailscale/netlink v1.1.1-0.20240822203006-4d49adab4de7 h1:uFsXVBE9Qr4ZoF094vE6iYTLDl0qCiKzYXlL6UeWObU=
github.com/tailscale/netlink v1.1.1-0.20240822203006-4d49adab4de7/go.mod h1:NzVQi3Mleb+qzq8VmcWpSkcSYxXIg0DkI6XDzpVkhJ0=
github.com/tailscale/web-client-prebuilt v0.0.0-20250124233751-d4cd19a26976 h1:UBPHPtv8+nEAy2PD8RyAhOYvau1ek0HDJqLS/Pysi14=
github.com/tailscale/web-client-prebuilt v0.0.0-20250124233751-d4cd19a26976/go.mod h1:agQPE6y6ldqCOui2gkIh7ZMztTkIQKH049tv8siLuNQ=
github.com/tailscale/wireguard-go v0.0.0-20250107165329-0b8b35511f19 h1:BcEJP2ewTIK2ZCsqgl6YGpuO6+oKqqag5HHb7ehljKw=
github.com/tailscale/wireguard-go v0.0.0-20250107165329-0b8b35511f19/go.mod h1:BOm5fXUBFM+m9woLNBoxI9TaBXXhGNP50LX/TGIvGb4=
github.com/toqueteos/webbrowser v1.2.0 h1:tVP/gpK69Fx+qMJKsLE7TD8LuGWPnEV71wBN9rrstGQ=
github.com/toqueteos/webbrowser v1.2.0/go.mod h1:XWoZq4cyp9WeUeak7w7LXRUQf1F1ATJMir8RTqb4ayM=
github.com/vishvananda/netns v0.0.0-20200728191858-db3c7e526aae/go.mod h1:DD4vA1DwXk04H54A1oHXtwZmA0grkVMdPxx/VGLCah0=
github.com/vishvananda/netns v0.0.5 h1:DfiHV+j8bA32MFM7bfEunvT8IAqQ/NzSJHtcmW5zdEY=
github.com/vishvananda/netns v0.0.5/go.mod h1:SpkAiCQRtJ6TvvxPnOSyH3BMl6unz3xZlaprSwhNNJM=
github.com/x448/float16 v0.8.4 h1:qLwI1I70+NjRFUR3zs1JPUCgaCXSh3SW62uAKT1mSBM=
github.com/x448/float16 v0.8.4/go.mod h1:14CWIYCyZA/cWjXOioeEpHeN/83MdbZDRQHoFcYsOfg=
go4.org/mem v0.0.0-20240501181205-ae6ca9944745 h1:Tl++JLUCe4sxGu8cTpDzRLd3tN7US4hOxG5YpKCzkek=
go4.org/mem v0.0.0-20240501181205-ae6ca9944745/go.mod h1:reUoABIJ9ikfM5sgtSF3Wushcza7+WeD01VB9Lirh3g=
go4.org/netipx v0.0.0-20231129151722-fdeea329fbba h1:0b9z3AuHCjxk0x/opv64kcgZLBseWJUpBw5I82+2U4M=
go4.org/netipx v0.0.0-20231129151722-fdeea329fbba/go.mod h1:PLyyIXexvUFg3Owu6p/WfdlivPbZJsZdgWZlrGope/Y=
go4.org/unsafe/assume-no-moving-gc v0.0.0-20231121144256-b99613f794b6 h1:lGdhQUN/cnWdSH3291CUuxSEqc+AsGTiDxPP3r2J0l4=
go4.org/unsafe/assume-no-moving-gc v0.0.0-20231121144256-b99613f794b6/go.mod h1:FftLjUGFEDu5k8lt0ddY+HcrH/qU/0qk+H8j9/nTl3E=
golang.org/x/crypto v0.38.0 h1:jt+WWG8IZlBnVbomuhg2Mdq0+BBQaHbtqHEFEigjUV8=
golang.org/x/crypto v0.38.0/go.mod h1:MvrbAqul58NNYPKnOra203SB9vpuZW0e+RRZV+Ggqjw=
golang.org/x/exp v0.0.0-20250506013437-ce4c2cf36ca6 h1:y5zboxd6LQAqYIhHnB48p0ByQ/GnQx2BE33L8BOHQkI=
golang.org/x/exp v0.0.0-20250506013437-ce4c2cf36ca6/go.mod h1:U6Lno4MTRCDY+Ba7aCcauB9T60gsv5s4ralQzP72ZoQ=
golang.org/x/exp/typeparams v0.0.0-20250305212735-054e65f0b394 h1:VI4qDpTkfFaCXEPrbojidLgVQhj2x4nzTccG0hjaLlU=
golang.org/x/exp/typeparams v0.0.0-20250305212735-054e65f0b394/go.mod h1:LKZHyeOpPuZcMgxeHjJp4p5yvxrCX1xDvH10zYHhjjQ=
golang.org/x/mod v0.24.0 h1:ZfthKaKaT4NrhGVZHO1/WDTwGES4De8KtWO0SIbNJMU=
golang.org/x/mod v0.24.0/go.mod h1:IXM97Txy2VM4PJ3gI61r1YEk/gAj6zAHN3AdZt6S9Ww=
golang.org/x/net v0.40.0 h1:79Xs7wF06Gbdcg4kdCCIQArK11Z1hr5POQ6+fIYHNuY=
golang.org/x/net v0.40.0/go.mod h1:y0hY0exeL2Pku80/zKK7tpntoX23cqL3Oa6njdgRtds=
golang.org/x/oauth2 v0.30.0 h1:dnDm7JmhM45NNpd8FDDeLhK6FwqbOf4MLCM9zb1BOHI=
golang.org/x/oauth2 v0.30.0/go.mod h1:B++QgG3ZKulg6sRPGD/mqlHQs5rB3Ml9erfeDY7xKlU=
golang.org/x/sync v0.0.0-20210220032951-036812b2e83c/go.mod h1:RxMgew5VJxzue5/jJTE5uejpjVlOe/izrB70Jof72aM=
golang.org/x/sync v0.14.0 h1:woo0S4Yywslg6hp4eUFjTVOyKt0RookbpAHG4c1HmhQ=
golang.org/x/sync v0.14.0/go.mod h1:1dzgHSNfp02xaA81J2MS99Qcpr2w7fw1gpm99rleRqA=
golang.org/x/sys v0.0.0-20200217220822-9197077df867/go.mod h1:h1NjWce9XRLGQEsW7wpKNCjG9DtNlClVuFLEZdDNbEs=
golang.org/x/sys v0.0.0-20200728102440-3e129f6d46b1/go.mod h1:h1NjWce9XRLGQEsW7wpKNCjG9DtNlClVuFLEZdDNbEs=
golang.org/x/sys v0.6.0/go.mod h1:oPkhp1MJrh7nUepCBck5+mAzfO9JrbApNNgaTdGDITg=
golang.org/x/sys v0.33.0 h1:q3i8TbbEz+JRD9ywIRlyRAQbM0qF7hu24q3teo2hbuw=
golang.org/x/sys v0.33.0/go.mod h1:BJP2sWEmIv4KK5OTEluFJCKSidICx8ciO85XgH3Ak8k=
golang.org/x/text v0.25.0 h1:qVyWApTSYLk/drJRO5mDlNYskwQznZmkpV2c8q9zls4=
golang.org/x/text v0.25.0/go.mod h1:WEdwpYrmk1qmdHvhkSTNPm3app7v4rsT8F2UD6+VHIA=
golang.org/x/time v0.11.0 h1:/bpjEDfN9tkoN/ryeYHnv5hcMlc8ncjMcM4XBk5NWV0=
golang.org/x/time v0.11.0/go.mod h1:CDIdPxbZBQxdj6cxyCIdrNogrJKMJ7pr37NYpMcMDSg=
golang.org/x/tools v0.33.0 h1:4qz2S3zmRxbGIhDIAgjxvFutSvH5EfnsYrRBj0UI0bc=
golang.org/x/tools v0.33.0/go.mod h1:CIJMaWEY88juyUfo7UbgPqbC8rU2OqfAV1h2Qp0oMYI=
golang.zx2c4.com/wintun v0.0.0-20230126152724-0fa3db229ce2 h1:B82qJJgjvYKsXS9jeunTOisW56dUokqW/FOteYJJ/yg=
golang.zx2c4.com/wintun v0.0.0-20230126152724-0fa3db229ce2/go.mod h1:deeaetjYA+DHMHg+sMSMI58GrEteJUUzzw7en6TJQcI=
golang.zx2c4.com/wireguard/windows v0.5.3 h1:On6j2Rpn3OEMXqBq00QEDC7bWSZrPIHKIus8eIuExIE=
golang.zx2c4.com/wireguard/windows v0.5.3/go.mod h1:9TEe8TJmtwyQebdFwAkEWOPr3prrtqm+REGFifP60hI=
gopkg.in/check.v1 v0.0.0-20161208181325-20d25e280405/go.mod h1:Co6ibVJAznAaIkqp8huTwlJQCZ016jof/cbN4VW5Yz0=
gopkg.in/check.v1 v1.0.0-20201130134442-10cb98267c6c h1:Hei/4ADfdWqJk1ZMxUNpqntNwaWcugrBjAiHlqqRiVk=
gopkg.in/check.v1 v1.0.0-20201130134442-10cb98267c6c/go.mod h1:JHkPIbrfpd72SG/EVd6muEfDQjcINNoR0C8j2r3qZ4Q=
gvisor.dev/gvisor v0.0.0-20250205023644-9414b50a5633 h1:2gap+Kh/3F47cO6hAu3idFvsJ0ue6TRcEi2IUkv/F8k=
gvisor.dev/gvisor v0.0.0-20250205023644-9414b50a5633/go.mod h1:5DMfjtclAbTIjbXqO1qCe2K5GKKxWz2JHvCChuTcJEM=
honnef.co/go/tools v0.6.1 h1:R094WgE8K4JirYjBaOpz/AvTyUu/3wbmAoskKN/pxTI=
honnef.co/go/tools v0.6.1/go.mod h1:3puzxxljPCe8RGJX7BIy1plGbxEOZni5mR2aXe3/uk4=
howett.net/plist v1.0.0 h1:7CrbWYbPPO/PyNy38b2EB/+gYbjCe2DXBxgtOOZbSQM=
howett.net/plist v1.0.0/go.mod h1:lqaXoTrLY4hg8tnEzNru53gicrbv7rrk+2xJA/7hw9g=
k8s.io/client-go v0.33.0 h1:UASR0sAYVUzs2kYuKn/ZakZlcs2bEHaizrrHUZg0G98=
k8s.io/client-go v0.33.0/go.mod h1:kGkd+l/gNGg8GYWAPr0xF1rRKvVWvzh9vmZAMXtaKOg=
sigs.k8s.io/yaml v1.4.0 h1:Mk1wCc2gy/F0THH0TAp1QYyJNzRm2KCLy3o5ASXVI5E=
sigs.k8s.io/yaml v1.4.0/go.mod h1:Ejl7/uTz7PSA4eKMyQCUTnhZYNmLIl+5c2lQPGR2BPY=
software.sslmate.com/src/go-pkcs12 v0.5.0 h1:EC6R394xgENTpZ4RltKydeDUjtlM5drOYIG9c6TVj2M=
software.sslmate.com/src/go-pkcs12 v0.5.0/go.mod h1:Qiz0EyvDRJjjxGyUQa2cCNZn/wMyzrRJ/qcDXOQazLI=
tailscale.com v1.82.5 h1:p5owmyPoPM1tFVHR3LjquFuLfpZLzafvhe5kjVavHtE=
tailscale.com v1.82.5/go.mod h1:iU6kohVzG+bP0/5XjqBAnW8/6nSG/Du++bO+x7VJZD0=
